
Microsoft Visual Studio Solution File, Format Version 12.00
# Visual Studio 15
VisualStudioVersion = 15.0.26403.7
MinimumVisualStudioVersion = 10.0.40219.1
Project("{2150E333-8FDC-42A3-9474-1A3956D46DE8}") = "src", "src", "{17A4DE0A-A0B1-4EBB-9E4E-7F3D9CA90E69}"
EndProject
Project("{2150E333-8FDC-42A3-9474-1A3956D46DE8}") = "Solution Items", "Solution Items", "{30DBDA63-9EE7-4AFA-9E8B-C29E243E7A67}"
EndProject
Project("{9A19103F-16F7-4668-BE54-9A1E7A4F7556}") = "BandFinder.Service", "src\BandFinder.Service\BandFinder.Service.csproj", "{362F5883-C83F-49CE-906D-0AEA081E2E82}"
EndProject
Project("{9A19103F-16F7-4668-BE54-9A1E7A4F7556}") = "BandFinder.Domain", "src\BandFinder.Domain\BandFinder.Domain.csproj", "{6F472037-84A5-4974-8C05-7FE5C2183198}"
EndProject
Project("{FAE04EC0-301F-11D3-BF4B-00C04F79EFBC}") = "BandFinder.WebUI", "BandFinder.WebUI\BandFinder.WebUI.csproj", "{6A837D1D-1BA8-482F-908A-02596FD47944}"
EndProject
Global
	GlobalSection(SolutionConfigurationPlatforms) = preSolution
		Debug|Any CPU = Debug|Any CPU
		Release|Any CPU = Release|Any CPU
	EndGlobalSection
	GlobalSection(ProjectConfigurationPlatforms) = postSolution
		{362F5883-C83F-49CE-906D-0AEA081E2E82}.Debug|Any CPU.ActiveCfg = Debug|Any CPU
		{362F5883-C83F-49CE-906D-0AEA081E2E82}.Debug|Any CPU.Build.0 = Debug|Any CPU
		{362F5883-C83F-49CE-906D-0AEA081E2E82}.Release|Any CPU.ActiveCfg = Release|Any CPU
		{362F5883-C83F-49CE-906D-0AEA081E2E82}.Release|Any CPU.Build.0 = Release|Any CPU
		{6F472037-84A5-4974-8C05-7FE5C2183198}.Debug|Any CPU.ActiveCfg = Debug|Any CPU
		{6F472037-84A5-4974-8C05-7FE5C2183198}.Debug|Any CPU.Build.0 = Debug|Any CPU
		{6F472037-84A5-4974-8C05-7FE5C2183198}.Release|Any CPU.ActiveCfg = Release|Any CPU
		{6F472037-84A5-4974-8C05-7FE5C2183198}.Release|Any CPU.Build.0 = Release|Any CPU
		{6A837D1D-1BA8-482F-908A-02596FD47944}.Debug|Any CPU.ActiveCfg = Debug|Any CPU
		{6A837D1D-1BA8-482F-908A-02596FD47944}.Debug|Any CPU.Build.0 = Debug|Any CPU
		{6A837D1D-1BA8-482F-908A-02596FD47944}.Release|Any CPU.ActiveCfg = Release|Any CPU
		{6A837D1D-1BA8-482F-908A-02596FD47944}.Release|Any CPU.Build.0 = Release|Any CPU
	EndGlobalSection
	GlobalSection(SolutionProperties) = preSolution
		HideSolutionNode = FALSE
	EndGlobalSection
	GlobalSection(NestedProjects) = preSolution
		{362F5883-C83F-49CE-906D-0AEA081E2E82} = {17A4DE0A-A0B1-4EBB-9E4E-7F3D9CA90E69}
		{6F472037-84A5-4974-8C05-7FE5C2183198} = {17A4DE0A-A0B1-4EBB-9E4E-7F3D9CA90E69}
		{6A837D1D-1BA8-482F-908A-02596FD47944} = {17A4DE0A-A0B1-4EBB-9E4E-7F3D9CA90E69}
	EndGlobalSection
EndGlobal
